lockfileVersion: '6.1'

settings:
  autoInstallPeers: true
  excludeLinksFromLockfile: false

dependencies:
  '@tarojs/components':
    specifier: ^3.6.16
    version: 3.6.16(postcss@8.4.29)(react@18.2.0)
  '@tarojs/react':
    specifier: ^3.6.16
    version: 3.6.16(react@18.2.0)
  classnames:
    specifier: ^2.3.2
    version: 2.3.2
  react:
    specifier: ^18.2.0
    version: 18.2.0

packages:

  /@babel/runtime@7.22.15:
    resolution: {integrity: sha512-T0O+aa+4w0u06iNmapipJXMV4HoUir03hpx3/YqXXhu9xim3w+dVphjFWl1OH8NbZHw5Lbm9k45drDkgq2VNNA==}
    engines: {node: '>=6.9.0'}
    dependencies:
      regenerator-runtime: 0.14.0
    dev: false

  /@stencil/core@2.22.3:
    resolution: {integrity: sha512-kmVA0M/HojwsfkeHsifvHVIYe4l5tin7J5+DLgtl8h6WWfiMClND5K3ifCXXI2ETDNKiEk21p6jql3Fx9o2rng==}
    engines: {node: '>=12.10.0', npm: '>=6.0.0'}
    hasBin: true
    dev: false

  /@tarojs/api@3.6.16:
    resolution: {integrity: sha512-2vH0iQTnwGOb4UDGs2lKw6zbLXd4BmjvtjEuxLEsXBq/Bk/HY29zPuC0GcCgPPz1U15zoRA1F+mo2giCAr2dmg==}
    dependencies:
      '@babel/runtime': 7.22.15
      '@tarojs/runtime': 3.6.16
      '@tarojs/shared': 3.6.16
    dev: false

  /@tarojs/components-advanced@3.6.16(react@18.2.0):
    resolution: {integrity: sha512-zoejuu39P4LZBae9Q7LiwpRAAU7CPhqCF0hQoY1QvD/ZUEHLLNlw+ITV/OyjamHaui8jDwC7UMfVPzObaxbh1w==}
    peerDependencies:
      react: '>=17'
      vue: '*'
    peerDependenciesMeta:
      react:
        optional: true
      vue:
        optional: true
    dependencies:
      '@tarojs/components': 3.6.16(postcss@8.4.29)(react@18.2.0)
      '@tarojs/runtime': 3.6.16
      '@tarojs/shared': 3.6.16
      '@tarojs/taro': 3.6.16(postcss@8.4.29)
      classnames: 2.3.2
      csstype: 3.1.2
      memoize-one: 6.0.0
      postcss: 8.4.29
      react: 18.2.0
    transitivePeerDependencies:
      - '@types/react'
      - '@types/react-native'
      - '@types/webpack'
      - '@types/webpack-dev-server'
    dev: false

  /@tarojs/components@3.6.16(postcss@8.4.29)(react@18.2.0):
    resolution: {integrity: sha512-ATCTZkB7OftIQOymwo8XpNfibCXJ4KQ/V+76yy91TvFZCcgT7Tj/PyV64NDj47Axk37h0GovQO9hCblO084/0g==}
    peerDependencies:
      '@types/react': '*'
      '@types/react-native': '*'
      vue: '*'
    peerDependenciesMeta:
      '@types/react':
        optional: true
      '@types/react-native':
        optional: true
      vue:
        optional: true
    dependencies:
      '@stencil/core': 2.22.3
      '@tarojs/components-advanced': 3.6.16(react@18.2.0)
      '@tarojs/router': 3.6.16(postcss@8.4.29)
      '@tarojs/taro': 3.6.16(postcss@8.4.29)
      classnames: 2.3.2
      hls.js: 1.4.12
      intersection-observer: 0.7.0
      resolve-pathname: 3.0.0
      swiper: 6.8.0
      weui: 1.1.3
    transitivePeerDependencies:
      - '@types/webpack'
      - '@types/webpack-dev-server'
      - postcss
      - react
    dev: false

  /@tarojs/react@3.6.16(react@18.2.0):
    resolution: {integrity: sha512-BGwnR/stoOyB1lzXjAjyTpD/4m2IxCYxj5mbex6MsKHnyBLmwNUXBr0KT27p9RZjLbBMf+/0pcSpyWn6xQGrXQ==}
    dependencies:
      '@tarojs/runtime': 3.6.16
      '@tarojs/shared': 3.6.16
      react-reconciler: 0.27.0(react@18.2.0)
    transitivePeerDependencies:
      - react
    dev: false

  /@tarojs/router@3.6.16(postcss@8.4.29):
    resolution: {integrity: sha512-8yhAPqjbmmphyN3QkYmbNrjWG5OYq0iKsUvUZm0NV+hZIxhha/odS2uxQoOm8zn8xxaj9mlL8ID3Tc90ukMP1w==}
    dependencies:
      '@tarojs/runtime': 3.6.16
      '@tarojs/taro': 3.6.16(postcss@8.4.29)
      dingtalk-jsapi: 2.15.4
      history: 5.3.0
      mobile-detect: 1.4.5
      query-string: 7.1.3
      universal-router: 8.3.0
    transitivePeerDependencies:
      - '@types/react'
      - '@types/webpack'
      - '@types/webpack-dev-server'
      - postcss
      - vue
    dev: false

  /@tarojs/runtime@3.6.16:
    resolution: {integrity: sha512-iLH6LTDdf/sGrNf2JeOqJmGgvGCc16EzlTAPkk76MXIiQc+/dSrYtjNwO/6DXGbyUEH8vxz+Azh9IBS3pEvkWQ==}
    dependencies:
      '@tarojs/shared': 3.6.16
      lodash-es: 4.17.21
    dev: false

  /@tarojs/shared@3.6.16:
    resolution: {integrity: sha512-Jlp8qIvbSxR/4CJ8UD0EyZp7eXvkwllOeHNuhkiZNs30mPLFhu77XNGIEkLemITYuRaNAVPFCw9h5rI9EUlYjQ==}
    dev: false

  /@tarojs/taro@3.6.16(postcss@8.4.29):
    resolution: {integrity: sha512-tHRUgi19aPhN0STxTAHk8poEXg/2gvheMDvPnOHCHSAW6/30kp+ejDTIzT/RD+Rht3WfREMLEauavPx6Q42m8A==}
    peerDependencies:
      '@types/react': '*'
      '@types/webpack': '*'
      '@types/webpack-dev-server': '*'
      postcss: '*'
      vue: '*'
    peerDependenciesMeta:
      '@types/react':
        optional: true
      '@types/webpack':
        optional: true
      '@types/webpack-dev-server':
        optional: true
      postcss:
        optional: true
      vue:
        optional: true
    dependencies:
      '@tarojs/api': 3.6.16
      '@tarojs/runtime': 3.6.16
      postcss: 8.4.29
    dev: false

  /classnames@2.3.2:
    resolution: {integrity: sha512-CSbhY4cFEJRe6/GQzIk5qXZ4Jeg5pcsP7b5peFSDpffpe1cqjASH/n9UTjBwOp6XpMSTwQ8Za2K5V02ueA7Tmw==}
    dev: false

  /csstype@3.1.2:
    resolution: {integrity: sha512-I7K1Uu0MBPzaFKg4nI5Q7Vs2t+3gWWW648spaF+Rg7pI9ds18Ugn+lvg4SHczUdKlHI5LWBXyqfS8+DufyBsgQ==}
    dev: false

  /decode-uri-component@0.2.2:
    resolution: {integrity: sha512-FqUYQ+8o158GyGTrMFJms9qh3CqTKvAqgqsTnkLI8sKu0028orqBhxNMFkFen0zGyg6epACD32pjVk58ngIErQ==}
    engines: {node: '>=0.10'}
    dev: false

  /dingtalk-jsapi@2.15.4:
    resolution: {integrity: sha512-pPETqUhLJYKNZIewnS9hU1/QqcdRbP2Q9sHySimko0C2nm/n9NoakVLtcKwdqgORq1dkPIP/jqv7RnESxhA2bA==}
    dependencies:
      promise-polyfill: 7.1.2
    dev: false

  /dom7@3.0.0:
    resolution: {integrity: sha512-oNlcUdHsC4zb7Msx7JN3K0Nro1dzJ48knvBOnDPKJ2GV9wl1i5vydJZUSyOfrkKFDZEud/jBsTk92S/VGSAe/g==}
    dependencies:
      ssr-window: 3.0.0
    dev: false

  /filter-obj@1.1.0:
    resolution: {integrity: sha512-8rXg1ZnX7xzy2NGDVkBVaAy+lSlPNwad13BtgSlLuxfIslyt5Vg64U7tFcCt4WS1R0hvtnQybT/IyCkGZ3DpXQ==}
    engines: {node: '>=0.10.0'}
    dev: false

  /history@5.3.0:
    resolution: {integrity: sha512-ZqaKwjjrAYUYfLG+htGaIIZ4nioX2L70ZUMIFysS3xvBsSG4x/n1V6TXV3N8ZYNuFGlDirFg32T7B6WOUPDYcQ==}
    dependencies:
      '@babel/runtime': 7.22.15
    dev: false

  /hls.js@1.4.12:
    resolution: {integrity: sha512-1RBpx2VihibzE3WE9kGoVCtrhhDWTzydzElk/kyRbEOLnb1WIE+3ZabM/L8BqKFTCL3pUy4QzhXgD1Q6Igr1JA==}
    dev: false

  /intersection-observer@0.7.0:
    resolution: {integrity: sha512-Id0Fij0HsB/vKWGeBe9PxeY45ttRiBmhFyyt/geBdDHBYNctMRTE3dC1U3ujzz3lap+hVXlEcVaB56kZP/eEUg==}
    dev: false

  /js-tokens@4.0.0:
    resolution: {integrity: sha512-RdJUflcE3cUzKiMqQgsCu06FPu9UdIJO0beYbPhHN4k6apgJtifcoCtT9bcxOpYBtpD2kCM6Sbzg4CausW/PKQ==}
    dev: false

  /lodash-es@4.17.21:
    resolution: {integrity: sha512-mKnC+QJ9pWVzv+C4/U3rRsHapFfHvQFoFB92e52xeyGMcX6/OlIl78je1u8vePzYZSkkogMPJ2yjxxsb89cxyw==}
    dev: false

  /loose-envify@1.4.0:
    resolution: {integrity: sha512-lyuxPGr/Wfhrlem2CL/UcnUc1zcqKAImBDzukY7Y5F/yQiNdko6+fRLevlw1HgMySw7f611UIY408EtxRSoK3Q==}
    hasBin: true
    dependencies:
      js-tokens: 4.0.0
    dev: false

  /memoize-one@6.0.0:
    resolution: {integrity: sha512-rkpe71W0N0c0Xz6QD0eJETuWAJGnJ9afsl1srmwPrI+yBCkge5EycXXbYRyvL29zZVUWQCY7InPRCv3GDXuZNw==}
    dev: false

  /mobile-detect@1.4.5:
    resolution: {integrity: sha512-yc0LhH6tItlvfLBugVUEtgawwFU2sIe+cSdmRJJCTMZ5GEJyLxNyC/NIOAOGk67Fa8GNpOttO3Xz/1bHpXFD/g==}
    dev: false

  /nanoid@3.3.6:
    resolution: {integrity: sha512-BGcqMMJuToF7i1rt+2PWSNVnWIkGCU78jBG3RxO/bZlnZPK2Cmi2QaffxGO/2RvWi9sL+FAiRiXMgsyxQ1DIDA==}
    engines: {node: ^10 || ^12 || ^13.7 || ^14 || >=15.0.1}
    hasBin: true
    dev: false

  /path-to-regexp@3.2.0:
    resolution: {integrity: sha512-jczvQbCUS7XmS7o+y1aEO9OBVFeZBQ1MDSEqmO7xSoPgOPoowY/SxLpZ6Vh97/8qHZOteiCKb7gkG9gA2ZUxJA==}
    dev: false

  /picocolors@1.0.0:
    resolution: {integrity: sha512-1fygroTLlHu66zi26VoTDv8yRgm0Fccecssto+MhsZ0D/DGW2sm8E8AjW7NU5VVTRt5GxbeZ5qBuJr+HyLYkjQ==}
    dev: false

  /postcss@8.4.29:
    resolution: {integrity: sha512-cbI+jaqIeu/VGqXEarWkRCCffhjgXc0qjBtXpqJhTBohMUjUQnbBr0xqX3vEKudc4iviTewcJo5ajcec5+wdJw==}
    engines: {node: ^10 || ^12 || >=14}
    dependencies:
      nanoid: 3.3.6
      picocolors: 1.0.0
      source-map-js: 1.0.2
    dev: false

  /promise-polyfill@7.1.2:
    resolution: {integrity: sha512-FuEc12/eKqqoRYIGBrUptCBRhobL19PS2U31vMNTfyck1FxPyMfgsXyW4Mav85y/ZN1hop3hOwRlUDok23oYfQ==}
    dev: false

  /query-string@7.1.3:
    resolution: {integrity: sha512-hh2WYhq4fi8+b+/2Kg9CEge4fDPvHS534aOOvOZeQ3+Vf2mCFsaFBYj0i+iXcAq6I9Vzp5fjMFBlONvayDC1qg==}
    engines: {node: '>=6'}
    dependencies:
      decode-uri-component: 0.2.2
      filter-obj: 1.1.0
      split-on-first: 1.1.0
      strict-uri-encode: 2.0.0
    dev: false

  /react-reconciler@0.27.0(react@18.2.0):
    resolution: {integrity: sha512-HmMDKciQjYmBRGuuhIaKA1ba/7a+UsM5FzOZsMO2JYHt9Jh8reCb7j1eDC95NOyUlKM9KRyvdx0flBuDvYSBoA==}
    engines: {node: '>=0.10.0'}
    peerDependencies:
      react: ^18.0.0
    dependencies:
      loose-envify: 1.4.0
      react: 18.2.0
      scheduler: 0.21.0
    dev: false

  /react@18.2.0:
    resolution: {integrity: sha512-/3IjMdb2L9QbBdWiW5e3P2/npwMBaU9mHCSCUzNln0ZCYbcfTsGbTJrU/kGemdH2IWmB2ioZ+zkxtmq6g09fGQ==}
    engines: {node: '>=0.10.0'}
    dependencies:
      loose-envify: 1.4.0
    dev: false

  /regenerator-runtime@0.14.0:
    resolution: {integrity: sha512-srw17NI0TUWHuGa5CFGGmhfNIeja30WMBfbslPNhf6JrqQlLN5gcrvig1oqPxiVaXb0oW0XRKtH6Nngs5lKCIA==}
    dev: false

  /resolve-pathname@3.0.0:
    resolution: {integrity: sha512-C7rARubxI8bXFNB/hqcp/4iUeIXJhJZvFPFPiSPRnhU5UPxzMFIl+2E6yY6c4k9giDJAhtV+enfA+G89N6Csng==}
    dev: false

  /scheduler@0.21.0:
    resolution: {integrity: sha512-1r87x5fz9MXqswA2ERLo0EbOAU74DpIUO090gIasYTqlVoJeMcl+Z1Rg7WHz+qtPujhS/hGIt9kxZOYBV3faRQ==}
    dependencies:
      loose-envify: 1.4.0
    dev: false

  /source-map-js@1.0.2:
    resolution: {integrity: sha512-R0XvVJ9WusLiqTCEiGCmICCMplcCkIwwR11mOSD9CR5u+IXYdiseeEuXCVAjS54zqwkLcPNnmU4OeJ6tUrWhDw==}
    engines: {node: '>=0.10.0'}
    dev: false

  /split-on-first@1.1.0:
    resolution: {integrity: sha512-43ZssAJaMusuKWL8sKUBQXHWOpq8d6CfN/u1p4gUzfJkM05C8rxTmYrkIPTXapZpORA6LkkzcUulJ8FqA7Uudw==}
    engines: {node: '>=6'}
    dev: false

  /ssr-window@3.0.0:
    resolution: {integrity: sha512-q+8UfWDg9Itrg0yWK7oe5p/XRCJpJF9OBtXfOPgSJl+u3Xd5KI328RUEvUqSMVM9CiQUEf1QdBzJMkYGErj9QA==}
    dev: false

  /strict-uri-encode@2.0.0:
    resolution: {integrity: sha512-QwiXZgpRcKkhTj2Scnn++4PKtWsH0kpzZ62L2R6c/LUVYv7hVnZqcg2+sMuT6R7Jusu1vviK/MFsu6kNJfWlEQ==}
    engines: {node: '>=4'}
    dev: false

  /swiper@6.8.0:
    resolution: {integrity: sha512-6H3e7VOihasMp8sPXNhRDkc61UD0XeFlefbWfUHecBLBTtmA+9WxJiKDBMdzgetK1cny+5+mKfVcsmxYgnEDSw==}
    engines: {node: '>= 4.7.0'}
    requiresBuild: true
    dependencies:
      dom7: 3.0.0
      ssr-window: 3.0.0
    dev: false

  /universal-router@8.3.0:
    resolution: {integrity: sha512-cBkihRoHvRQAjdUnDE1GGuuw/TPAIi8z2pEsSmUVAWLeZdgjHzzAb1+0VOO6NvBOvySItOTQikzaGlRxRdJBnA==}
    dependencies:
      path-to-regexp: 3.2.0
    dev: false

  /weui@1.1.3:
    resolution: {integrity: sha512-vC6eWUvG1MYoE8yLsvBBmLB2+4DZWynQOL47MUscHMwPVltOZPGsiRb2PE7y3z+w3ElF1SsmJsyhr40wiXgP5A==}
    dev: false
